{
    "_meta": {
        "hash": {
            "sha256": "bf85308e3de13edb7a6802ca20f57cd0d3e88ee1e5da9b77077fa0a2478b131a"
        },
        "pipfile-spec": 6,
        "requires": {
            "python_version": "3.6"
        },
        "sources": [
            {
                "name": "pypi",
                "url": "https://pypi.org/simple",
                "verify_ssl": true
            }
        ]
    },
    "default": {
        "certifi": {
            "hashes": [
                "sha256:339dc09518b07e2fa7eda5450740925974815557727d6bd35d319c1524a04a4c",
                "sha256:6d58c986d22b038c8c0df30d639f23a3e6d172a05c3583e766f4c0b785c0986a"
            ],
            "version": "==2018.10.15"
        },
        "chardet": {
            "hashes": [
                "sha256:84ab92ed1c4d4f16916e05906b6b75a6c0fb5db821cc65e70cbd64a3e2a5eaae",
                "sha256:fc323ffcaeaed0e0a02bf4d117757b98aed530d9ed4531e3e15460124c106691"
            ],
            "version": "==3.0.4"
        },
        "decorator": {
            "hashes": [
                "sha256:2c51dff8ef3c447388fe5e4453d24a2bf128d3a4c32af3fabef1f01c6851ab82",
                "sha256:c39efa13fbdeb4506c476c9b3babf6a718da943dab7811c206005a4a956c080c"
            ],
            "version": "==4.3.0"
        },
        "idna": {
            "hashes": [
                "sha256:156a6814fb5ac1fc6850fb002e0852d56c0c8d2531923a51032d1b70760e186e",
                "sha256:684a38a6f903c1d71d6d5fac066b58d7768af4de2b832e426ec79c30daa94a16"
            ],
            "version": "==2.7"
        },
        "networkx": {
            "hashes": [
                "sha256:45e56f7ab6fe81652fb4bc9f44faddb0e9025f469f602df14e3b2551c2ea5c8b"
            ],
            "index": "pypi",
            "version": "==2.2"
        },
        "ply": {
            "hashes": [
                "sha256:00c7c1aaa88358b9c765b6d3000c6eec0ba42abca5351b095321aef446081da3",
                "sha256:096f9b8350b65ebd2fd1346b12452efe5b9607f7482813ffca50c22722a807ce"
            ],
            "version": "==3.11"
        },
        "pyasn1": {
            "hashes": [
                "sha256:b9d3abc5031e61927c82d4d96c1cec1e55676c1a991623cfed28faea73cdd7ca",
                "sha256:f58f2a3d12fd754aa123e9fa74fb7345333000a035f3921dbdaa08597aa53137"
            ],
            "version": "==0.4.4"
        },
        "pycryptodomex": {
            "hashes": [
                "sha256:02c358fa2445821d110857266e4e400f110054694636efe678dc60ba22a1aaef",
                "sha256:09989c8a1b83e576d02ad77b9b019648648c569febca41f58fa04b9d9fdd1e8f",
                "sha256:0f8fe28aec591d1b86af596c9fc5f75fc0204fb1026188a44e5e1b199780f1e5",
                "sha256:0fb58c2065030a5381f3c466aaa7c4de707901badad0d6a0575952bb10e6c35f",
                "sha256:0fb9f3e6b28a280436afe9192a9957c7f56e20ceecb73f2d7db807368fdf3aaf",
                "sha256:12ff38a68bbd743407018f9dd87d4cc21f9cb28fe2d8ba93beca004ada9a09ff",
                "sha256:1650143106383bae79cbbda3701fd9979d0a624dba2ec2fa63f88cae29dd7174",
                "sha256:20a646cd0e690b07b7da619bc5b3ee1467243b2e32dfff579825c3ad5d7637ab",
                "sha256:284779f0908682657adb8c60d8484174baa0d2620fb1df49183be6e2e06e73ce",
                "sha256:2f3ce5bfe81d975c45e4a3cbe2bef15b809acc24f952f5f6aa67c2ae3c1a6808",
                "sha256:30ac12f0c9ac8332cc76832fea88a547b49ef60c31f74697ee2584f215723d4f",
                "sha256:4f038b815d66dea0b1d4286515d96474204e137eb5d883229616781865902789",
                "sha256:57199a867b9991b1950f438b788e818338cee8ed8698e2eebdc5664521ad92a9",
                "sha256:5c5349385e9863e3bba6804899f4125c8335f66d090e892d6a5bb915f5c89d4c",
                "sha256:5d546fac597b5007d5ff38c50c9031945057a6a6fa1ab7585058165d370ea202",
                "sha256:614eddfa0cf325e49b5b803fcb41c9334de79c4b18bf8de07e7737e1efc1d2b9",
                "sha256:82ae66244824d50b2b657c32e5912fde70a6e36f41e61f2869151f226204430d",
                "sha256:96a733f3be325fb17c2ba79648e85ab446767af3dc3b396f1404b9397aa28fe5",
                "sha256:9c3834d27c1cff84e2a5c218e373d80ebbb3edca81912656f16137f7f97e58e0",
                "sha256:9f11823636128acbe4e17c35ff668f4d0a9f3133450753a0675525b6413aa1b0",
                "sha256:a3f9ad4e3f90f14707776f13b886fbac491ebe65d96a64f3ce0b378e167c3bbf",
                "sha256:a89dee72a0f5024cc1cbaf85535eee8d14e891384513145d2f368b5c481dcd54",
                "sha256:ccadde651e712093052286ad9ee27f5aa5f657ca688a1bf6d5c41ade709467f3",
                "sha256:ced9ea10977dd52cb1b936a92119fc38fcdc5eaa4148f925ef22bbf0f0d4a5bd",
                "sha256:eb0c6d3b91d55e3481158ecf77f3963c1725454fdcf5b79302c27c1c9c0d2c2a",
                "sha256:f6714569a4039287972c672a8bd4b8d7dc78a601def8b31ffa39cd2fec00cb4b",
                "sha256:fa4036582c8755259d4b8f4fe203ae534b7b187dcea143ab53a24e0f3931d547",
                "sha256:fb31bb0c8301e5a43d8d7aad22acabef65f28f7ab057eaeb2c21433309cc41e8"
            ],
            "version": "==3.7.0"
        },
        "pydot": {
            "hashes": [
                "sha256:33babe795de6ea2a26c18455e6d8a78b1dbbea6c41363a6136d9f95e9ce78425",
                "sha256:dbb8c123ea6ea6cf09eca2403e597244a960b31e70c2a5c8a2a8a2e2594ce191"
            ],
            "index": "pypi",
            "version": "==1.3.0"
        },
        "pyparsing": {
            "hashes": [
                "sha256:40856e74d4987de5d01761a22d1621ae1c7f8774585acae358aa5c5936c6c90b",
                "sha256:f353aab21fd474459d97b709e527b5571314ee5f067441dc9f88e33eecd96592"
            ],
            "version": "==2.3.0"
        },
        "pysmi": {
            "hashes": [
                "sha256:0cb6b28ea22bdb82d2f01646154b73ee86046c7451663dab471bd918dd90f154",
                "sha256:309039ab9bd458cc721692ffff10b4ad2c4a8e731e6507c34866ca2727323353"
            ],
            "version": "==0.3.2"
        },
        "pysnmp": {
            "hashes": [
                "sha256:53b8e98527f84d1efff61879d061a30035ea5846a9d416cb356e79820f0323ed",
                "sha256:e34ffa0dce5f69adabd478ff76c3e1b08e32ebb0767df8b178d0704f4a1ac406"
            ],
            "index": "pypi",
            "version": "==4.4.6"
        },
        "pyzabbix": {
            "hashes": [
                "sha256:23ce8c7cdfe9d207052a383d406d026f6261631b7fff20f46de6a0b4e3437557"
            ],
            "index": "pypi",
            "version": "==0.7.5"
        },
        "requests": {
            "hashes": [
                "sha256:65b3a120e4329e33c9889db89c80976c5272f56ea92d3e74da8a463992e3ff54",
                "sha256:ea881206e59f41dbd0bd445437d792e43906703fff75ca8ff43ccdb11f33f263"
            ],
            "version": "==2.20.1"
        },
        "urllib3": {
            "hashes": [
                "sha256:61bf29cada3fc2fbefad4fdf059ea4bd1b4a86d2b6d15e1c7c0b582b9752fe39",
                "sha256:de9529817c93f27c8ccbfead6985011db27bd0ddfcdb2d86f3f663385c6a9c22"
            ],
            "version": "==1.24.1"
        }
    },
    "develop": {}
}
