{
    "_meta": {
        "hash": {
            "sha256": "f61462d9842779cb48037f7daf695c33352fdce90cd1803b0cb9edbbf9d3fc51"
        },
        "pipfile-spec": 6,
        "requires": {
            "python_version": "3.6"
        },
        "sources": [
            {
                "name": "pypi",
                "url": "https://pypi.org/simple",
                "verify_ssl": true
            }
        ]
    },
    "default": {
        "certifi": {
            "hashes": [
                "sha256:59b7658e26ca9c7339e00f8f4636cdfe59d34fa37b9b04f6f9e9926b3cece1a5",
                "sha256:b26104d6835d1f5e49452a26eb2ff87fe7090b89dfcaee5ea2212697e1e1d7ae"
            ],
            "version": "==2019.3.9"
        },
        "chardet": {
            "hashes": [
                "sha256:84ab92ed1c4d4f16916e05906b6b75a6c0fb5db821cc65e70cbd64a3e2a5eaae",
                "sha256:fc323ffcaeaed0e0a02bf4d117757b98aed530d9ed4531e3e15460124c106691"
            ],
            "version": "==3.0.4"
        },
        "decorator": {
            "hashes": [
                "sha256:86156361c50488b84a3f148056ea716ca587df2f0de1d34750d35c21312725de",
                "sha256:f069f3a01830ca754ba5258fde2278454a0b5b79e0d7f5c13b3b97e57d4acff6"
            ],
            "version": "==4.4.0"
        },
        "environs": {
            "hashes": [
                "sha256:9d83321a32e29c963f199bf118d9dae199b42ab22b247b11d909b0d203e068bf",
                "sha256:ec8c5ddd044a8ed1190cbef50ba0eef277057946b96eae457afd865c38d9e8c5"
            ],
            "index": "pypi",
            "version": "==4.2.0"
        },
        "idna": {
            "hashes": [
                "sha256:c357b3f628cf53ae2c4c05627ecc484553142ca23264e593d327bcde5e9c3407",
                "sha256:ea8b7f6188e6fa117537c3df7da9fc686d485087abf6ac197f9c46432f7e4a3c"
            ],
            "version": "==2.8"
        },
        "marshmallow": {
            "hashes": [
                "sha256:0e497a6447ffaad55578138ca512752de7a48d12f444996ededc3d6bf8a09ca2",
                "sha256:e21a4dea20deb167c723e0ffb13f4cf33bcbbeb8a334e92406a3308cedea2826"
            ],
            "version": "==2.19.2"
        },
        "networkx": {
            "hashes": [
                "sha256:8311ddef63cf5c5c5e7c1d0212dd141d9a1fe3f474915281b73597ed5f1d4e3d"
            ],
            "index": "pypi",
            "version": "==2.3"
        },
        "ply": {
            "hashes": [
                "sha256:00c7c1aaa88358b9c765b6d3000c6eec0ba42abca5351b095321aef446081da3",
                "sha256:096f9b8350b65ebd2fd1346b12452efe5b9607f7482813ffca50c22722a807ce"
            ],
            "version": "==3.11"
        },
        "pyasn1": {
            "hashes": [
                "sha256:da2420fe13a9452d8ae97a0e478adde1dee153b11ba832a95b223a2ba01c10f7",
                "sha256:da6b43a8c9ae93bc80e2739efb38cc776ba74a886e3e9318d65fe81a8b8a2c6e"
            ],
            "version": "==0.4.5"
        },
        "pycryptodomex": {
            "hashes": [
                "sha256:029c7a150347c81899c14de0e4d5f918b8a0c68e8b0108dbe6192ad24358a845",
                "sha256:08f0f3f89e6561f3c7ad99c4fb5f4a5b596701edb0aa92ac32c166b615517740",
                "sha256:09d1d8aa842ba3d2d18c7bca1233a3d3ab0b083f657bb9f57adfd4fee5d7f02d",
                "sha256:12d2b8b4dc3d8b464b9db1e2f54c08a56e8a255110f927c69ba2e17456bfe8ac",
                "sha256:14f509a672c24f27fc8e589be35f3950ac8b4338b4466ff2b33de03124646568",
                "sha256:267646fa6855fc65679b95fa01b3f032758a3d32b41858688c8ff81761a1a2f6",
                "sha256:2db8e8e36cb7b3ae16ae782453fc7c4887402b5afe268f1e4c602d75e999359a",
                "sha256:2fc867a467841d209d001c49c34bbf56004e8b1e358db7dcb9b8200d2e8b25b1",
                "sha256:3cfcd1cc49919bd571de6e5f3d99ceac0e3898a83d3ed4dfda6d12166d848d88",
                "sha256:4b28007bc34fe7469f2097c07fc77b866650e4695008cf953d6caa247296ea19",
                "sha256:6355795ccb2bc9800a7d6a33a4ba8d8fdc2d1d9fd3c13cd8fa16f530239b1d53",
                "sha256:6390ca23b2e1a5c2a9d037012b923b6b2fc788cba234f45683f1ddad6f4112ad",
                "sha256:7226bbab87b751a3cc052476f0db1cb89e6e4103eec18d1169b2bddd894c3d9d",
                "sha256:7240cde2dc32ee6588d03b85fb619cb3629e6d302d32c807c82dadb4233b9a48",
                "sha256:80439f10be257b65ee6c9db3c5a3d1450b8f1e7ab5130d7c7ddfb373ca13c25e",
                "sha256:83d6cab80d64298e84f6d9962dc4c4f2619805fc11aed939f0257e313028ea15",
                "sha256:9586b41f68b28fbaaae5232055ef2db2cecd37661e6792d19fb9c24792281811",
                "sha256:b5f641fa8640a4bdf31621f920bdf2c646f823a9ee1c7525f57cb92ec710fe0c",
                "sha256:c90d8f9919e57be2f0cb5840a05fdaadc5fffefa40192aebfe459cc68b53ee9f",
                "sha256:ceaea1e14b2df86278a1c252d176556c30b3e2568bb86ea37130c810376b7a6b",
                "sha256:e46ef46c89d50fb1b22adbbcdabea94e62ec5932ab83afe104801f913af9ad4b",
                "sha256:e50b15af6bbdc6b5f8bd70d818cb846b15303ffa6c371b799db561a403a21607",
                "sha256:e56438a25b32594ece62dab9df8d4349e935ad2a7a1f20cc446a43b28e4d0940",
                "sha256:e9e63278c617940f7f3ccde373cf1120115a842392d37c419cf68bf38ca53fc0",
                "sha256:f35922bf0c7ed5ef9f1248a38ac7b44cda62549e2c57245ccf76fdec325d6684",
                "sha256:fc951613c5deb7f9c9b42a8d147e7094a2ff4f9be8128511e30f551975ada870",
                "sha256:fcfb2d6ad91021bc1e4196eb293f8eca958161d5b8a0953fbbec3328a0966f74",
                "sha256:feeebb7ee5c5b2be1f3498da517226668e775d1260d52480c59d39c16dea03fa"
            ],
            "version": "==3.8.2"
        },
        "pydot": {
            "hashes": [
                "sha256:67be714300c78fda5fd52f79ec994039e3f76f074948c67b5ff539b433ad354f",
                "sha256:d49c9d4dd1913beec2a997f831543c8cbd53e535b1a739e921642fe416235f01"
            ],
            "index": "pypi",
            "version": "==1.4.1"
        },
        "pyparsing": {
            "hashes": [
                "sha256:1873c03321fc118f4e9746baf201ff990ceb915f433f23b395f5580d1840cb2a",
                "sha256:9b6323ef4ab914af344ba97510e966d64ba91055d6b9afa6b30799340e89cc03"
            ],
            "version": "==2.4.0"
        },
        "pysmi": {
            "hashes": [
                "sha256:2ec6ebd41aaef562695e7d0058763c6e1e8c1fbf8710804c11ef3a857fc9cad7",
                "sha256:bd15a15020aee8376cab5be264c26330824a8b8164ed0195bd402dd59e4e8f7c"
            ],
            "version": "==0.3.4"
        },
        "pysnmp": {
            "hashes": [
                "sha256:128a4832ce170213a59b82e7eeb886fc07d4b2e6eb638db8049af03f1014b0f8",
                "sha256:d5d1e59780126e963dd92e25993b783295734e71bef181f602e51f7393260441"
            ],
            "index": "pypi",
            "version": "==4.4.9"
        },
        "python-dotenv": {
            "hashes": [
                "sha256:debd928b49dbc2bf68040566f55cdb3252458036464806f4094487244e2a4093",
                "sha256:f157d71d5fec9d4bd5f51c82746b6344dffa680ee85217c123f4a0c8117c4544"
            ],
            "version": "==0.10.3"
        },
        "pyzabbix": {
            "hashes": [
                "sha256:23ce8c7cdfe9d207052a383d406d026f6261631b7fff20f46de6a0b4e3437557"
            ],
            "index": "pypi",
            "version": "==0.7.5"
        },
        "requests": {
            "hashes": [
                "sha256:11e007a8a2aa0323f5a921e9e6a2d7e4e67d9877e85773fba9ba6419025cbeb4",
                "sha256:9cf5292fcd0f598c671cfc1e0d7d1a7f13bb8085e9a590f48c010551dc6c4b31"
            ],
            "version": "==2.22.0"
        },
        "urllib3": {
            "hashes": [
                "sha256:b246607a25ac80bedac05c6f282e3cdaf3afb65420fd024ac94435cabe6e18d1",
                "sha256:dbe59173209418ae49d485b87d1681aefa36252ee85884c31346debd19463232"
            ],
            "version": "==1.25.3"
        }
    },
    "develop": {}
}
